// !$*UTF8*$!
{
	archiveVersion = 1;
	classes = {
	};
	objectVersion = 46;
	objects = {

/* Begin PBXBuildFile section */
		C61D27571C741B2300C5F136 /* TweetsViewController.swift in Sources */ = {isa = PBXBuildFile; fileRef = C61D27561C741B2300C5F136 /* TweetsViewController.swift */; };
		C61D275B1C7525C000C5F136 /* SidebarMenuController.swift in Sources */ = {isa = PBXBuildFile; fileRef = C61D275A1C7525C000C5F136 /* SidebarMenuController.swift */; };
		C62177E01C80FF310023B726 /* ComposeViewController.swift in Sources */ = {isa = PBXBuildFile; fileRef = C62177DF1C80FF310023B726 /* ComposeViewController.swift */; };
		C6485A9E1C794CF300848A7B /* InfiniteScrollActivityView.swift in Sources */ = {isa = PBXBuildFile; fileRef = C6485A9D1C794CF300848A7B /* InfiniteScrollActivityView.swift */; };
		C6485AA01C79755000848A7B /* SearchViewController.swift in Sources */ = {isa = PBXBuildFile; fileRef = C6485A9F1C79755000848A7B /* SearchViewController.swift */; };
		C6485AA21C797F1600848A7B /* SearchUserCell.swift in Sources */ = {isa = PBXBuildFile; fileRef = C6485AA11C797F1600848A7B /* SearchUserCell.swift */; };
		C6485AA41C7D629C00848A7B /* Assets.xcassets in Resources */ = {isa = PBXBuildFile; fileRef = C6485AA31C7D629C00848A7B /* Assets.xcassets */; };
		C6485AA61C7D6AFC00848A7B /* ProfileHeaderView.xib in Resources */ = {isa = PBXBuildFile; fileRef = C6485AA51C7D6AFC00848A7B /* ProfileHeaderView.xib */; };
		C6485AA81C7D6B1E00848A7B /* ProfileHeaderView.swift in Sources */ = {isa = PBXBuildFile; fileRef = C6485AA71C7D6B1E00848A7B /* ProfileHeaderView.swift */; };
		C6485AAA1C7F741700848A7B /* ProfileViewController.swift in Sources */ = {isa = PBXBuildFile; fileRef = C6485AA91C7F741700848A7B /* ProfileViewController.swift */; };
		C6CAD9571C727F35000915C8 /* AppDelegate.swift in Sources */ = {isa = PBXBuildFile; fileRef = C6CAD9561C727F35000915C8 /* AppDelegate.swift */; };
		C6CAD9591C727F35000915C8 /* ViewController.swift in Sources */ = {isa = PBXBuildFile; fileRef = C6CAD9581C727F35000915C8 /* ViewController.swift */; };
		C6CAD95C1C727F35000915C8 /* Main.storyboard in Resources */ = {isa = PBXBuildFile; fileRef = C6CAD95A1C727F35000915C8 /* Main.storyboard */; };
		C6CAD9611C727F35000915C8 /* LaunchScreen.storyboard in Resources */ = {isa = PBXBuildFile; fileRef = C6CAD95F1C727F35000915C8 /* LaunchScreen.storyboard */; };
		C6CAD96A1C728011000915C8 /* TwitterClient.swift in Sources */ = {isa = PBXBuildFile; fileRef = C6CAD9691C728011000915C8 /* TwitterClient.swift */; };
		C6CAD96D1C72B634000915C8 /* User.swift in Sources */ = {isa = PBXBuildFile; fileRef = C6CAD96C1C72B634000915C8 /* User.swift */; };
		C6CAD96F1C72B655000915C8 /* Tweet.swift in Sources */ = {isa = PBXBuildFile; fileRef = C6CAD96E1C72B655000915C8 /* Tweet.swift */; };
		C6E0389D1C78F80200094F2B /* TweetCell.swift in Sources */ = {isa = PBXBuildFile; fileRef = C6E0389C1C78F80200094F2B /* TweetCell.swift */; };
		C7059E8DE89C443296235010 /* Pods_TwitterOAuth.framework in Frameworks */ = {isa = PBXBuildFile; fileRef = 2A3574684EEB3994B6951DAC /* Pods_TwitterOAuth.framework */; };
/* End PBXBuildFile section */

/* Begin PBXFileReference section */
		2A3574684EEB3994B6951DAC /* Pods_TwitterOAuth.framework */ = {isa = PBXFileReference; explicitFileType = wrapper.framework; includeInIndex = 0; path = Pods_TwitterOAuth.framework; sourceTree = BUILT_PRODUCTS_DIR; };
		3E0A124BA2009B24EC8CED2B /* Pods-TwitterOAuth.debug.xcconfig */ = {isa = PBXFileReference; includeInIndex = 1; lastKnownFileType = text.xcconfig; name = "Pods-TwitterOAuth.debug.xcconfig"; path = "Pods/Target Support Files/Pods-TwitterOAuth/Pods-TwitterOAuth.debug.xcconfig"; sourceTree = "<group>"; };
		B2C30012B8E0D216A9252947 /* Pods-TwitterOAuth.release.xcconfig */ = {isa = PBXFileReference; includeInIndex = 1; lastKnownFileType = text.xcconfig; name = "Pods-TwitterOAuth.release.xcconfig"; path = "Pods/Target Support Files/Pods-TwitterOAuth/Pods-TwitterOAuth.release.xcconfig"; sourceTree = "<group>"; };
		C61D27561C741B2300C5F136 /* TweetsViewController.swift */ = {isa = PBXFileReference; fileEncoding = 4; lastKnownFileType = sourcecode.swift; path = TweetsViewController.swift; sourceTree = "<group>"; };
		C61D275A1C7525C000C5F136 /* SidebarMenuController.swift */ = {isa = PBXFileReference; fileEncoding = 4; lastKnownFileType = sourcecode.swift; path = SidebarMenuController.swift; sourceTree = "<group>"; };
		C62177DF1C80FF310023B726 /* ComposeViewController.swift */ = {isa = PBXFileReference; fileEncoding = 4; lastKnownFileType = sourcecode.swift; path = ComposeViewController.swift; sourceTree = "<group>"; };
		C6485A9D1C794CF300848A7B /* InfiniteScrollActivityView.swift */ = {isa = PBXFileReference; fileEncoding = 4; lastKnownFileType = sourcecode.swift; path = InfiniteScrollActivityView.swift; sourceTree = "<group>"; };
		C6485A9F1C79755000848A7B /* SearchViewController.swift */ = {isa = PBXFileReference; fileEncoding = 4; lastKnownFileType = sourcecode.swift; path = SearchViewController.swift; sourceTree = "<group>"; };
		C6485AA11C797F1600848A7B /* SearchUserCell.swift */ = {isa = PBXFileReference; fileEncoding = 4; lastKnownFileType = sourcecode.swift; path = SearchUserCell.swift; sourceTree = "<group>"; };
		C6485AA31C7D629C00848A7B /* Assets.xcassets */ = {isa = PBXFileReference; lastKnownFileType = folder.assetcatalog; name = Assets.xcassets; path = TwitterOAuth/Assets.xcassets; sourceTree = "<group>"; };
		C6485AA51C7D6AFC00848A7B /* ProfileHeaderView.xib */ = {isa = PBXFileReference; fileEncoding = 4; lastKnownFileType = file.xib; path = ProfileHeaderView.xib; sourceTree = "<group>"; };
		C6485AA71C7D6B1E00848A7B /* ProfileHeaderView.swift */ = {isa = PBXFileReference; fileEncoding = 4; lastKnownFileType = sourcecode.swift; path = ProfileHeaderView.swift; sourceTree = "<group>"; };
		C6485AA91C7F741700848A7B /* ProfileViewController.swift */ = {isa = PBXFileReference; fileEncoding = 4; lastKnownFileType = sourcecode.swift; path = ProfileViewController.swift; sourceTree = "<group>"; };
		C6CAD9531C727F35000915C8 /* TwitterOAuth.app */ = {isa = PBXFileReference; explicitFileType = wrapper.application; includeInIndex = 0; path = TwitterOAuth.app; sourceTree = BUILT_PRODUCTS_DIR; };
		C6CAD9561C727F35000915C8 /* AppDelegate.swift */ = {isa = PBXFileReference; lastKnownFileType = sourcecode.swift; path = AppDelegate.swift; sourceTree = "<group>"; };
		C6CAD9581C727F35000915C8 /* ViewController.swift */ = {isa = PBXFileReference; lastKnownFileType = sourcecode.swift; path = ViewController.swift; sourceTree = "<group>"; };
		C6CAD95B1C727F35000915C8 /* Base */ = {isa = PBXFileReference; lastKnownFileType = file.storyboard; name = Base; path = Base.lproj/Main.storyboard; sourceTree = "<group>"; };
		C6CAD9601C727F35000915C8 /* Base */ = {isa = PBXFileReference; lastKnownFileType = file.storyboard; name = Base; path = Base.lproj/LaunchScreen.storyboard; sourceTree = "<group>"; };
		C6CAD9621C727F35000915C8 /* Info.plist */ = {isa = PBXFileReference; lastKnownFileType = text.plist.xml; path = Info.plist; sourceTree = "<group>"; };
		C6CAD9691C728011000915C8 /* TwitterClient.swift */ = {isa = PBXFileReference; fileEncoding = 4; lastKnownFileType = sourcecode.swift; path = TwitterClient.swift; sourceTree = "<group>"; };
		C6CAD96C1C72B634000915C8 /* User.swift */ = {isa = PBXFileReference; fileEncoding = 4; lastKnownFileType = sourcecode.swift; path = User.swift; sourceTree = "<group>"; };
		C6CAD96E1C72B655000915C8 /* Tweet.swift */ = {isa = PBXFileReference; fileEncoding = 4; lastKnownFileType = sourcecode.swift; path = Tweet.swift; sourceTree = "<group>"; };
		C6E0389C1C78F80200094F2B /* TweetCell.swift */ = {isa = PBXFileReference; fileEncoding = 4; lastKnownFileType = sourcecode.swift; path = TweetCell.swift; sourceTree = "<group>"; };
/* End PBXFileReference section */

/* Begin PBXFrameworksBuildPhase section */
		C6CAD9501C727F35000915C8 /* Frameworks */ = {
			isa = PBXFrameworksBuildPhase;
			buildActionMask = 2147483647;
			files = (
				C7059E8DE89C443296235010 /* Pods_TwitterOAuth.framework in Frameworks */,
			);
			runOnlyForDeploymentPostprocessing = 0;
		};
/* End PBXFrameworksBuildPhase section */

/* Begin PBXGroup section */
		387D32FF522B4646FC24FE18 /* Frameworks */ = {
			isa = PBXGroup;
			children = (
				2A3574684EEB3994B6951DAC /* Pods_TwitterOAuth.framework */,
			);
			name = Frameworks;
			sourceTree = "<group>";
		};
		5AA9437CB331E7BA0B190DE9 /* Pods */ = {
			isa = PBXGroup;
			children = (
				3E0A124BA2009B24EC8CED2B /* Pods-TwitterOAuth.debug.xcconfig */,
				B2C30012B8E0D216A9252947 /* Pods-TwitterOAuth.release.xcconfig */,
			);
			name = Pods;
			sourceTree = "<group>";
		};
		C61D27551C741B0B00C5F136 /* View Controllers */ = {
			isa = PBXGroup;
			children = (
				C62177DF1C80FF310023B726 /* ComposeViewController.swift */,
				C6485AA91C7F741700848A7B /* ProfileViewController.swift */,
				C61D27561C741B2300C5F136 /* TweetsViewController.swift */,
				C61D275A1C7525C000C5F136 /* SidebarMenuController.swift */,
				C6485A9F1C79755000848A7B /* SearchViewController.swift */,
			);
			name = "View Controllers";
			sourceTree = "<group>";
		};
		C6CAD94A1C727F35000915C8 = {
			isa = PBXGroup;
			children = (
				C6485AA31C7D629C00848A7B /* Assets.xcassets */,
				C6CAD9551C727F35000915C8 /* TwitterOAuth */,
				C6CAD9541C727F35000915C8 /* Products */,
				5AA9437CB331E7BA0B190DE9 /* Pods */,
				387D32FF522B4646FC24FE18 /* Frameworks */,
			);
			sourceTree = "<group>";
		};
		C6CAD9541C727F35000915C8 /* Products */ = {
			isa = PBXGroup;
			children = (
				C6CAD9531C727F35000915C8 /* TwitterOAuth.app */,
			);
			name = Products;
			sourceTree = "<group>";
		};
		C6CAD9551C727F35000915C8 /* TwitterOAuth */ = {
			isa = PBXGroup;
			children = (
				C6E0389B1C78F7CB00094F2B /* Views */,
				C61D27551C741B0B00C5F136 /* View Controllers */,
				C6CAD96B1C72B60D000915C8 /* Models */,
				C6CAD9681C727FF9000915C8 /* API */,
				C6CAD9561C727F35000915C8 /* AppDelegate.swift */,
				C6CAD9581C727F35000915C8 /* ViewController.swift */,
				C6CAD95A1C727F35000915C8 /* Main.storyboard */,
				C6CAD95F1C727F35000915C8 /* LaunchScreen.storyboard */,
				C6CAD9621C727F35000915C8 /* Info.plist */,
			);
			path = TwitterOAuth;
			sourceTree = "<group>";
		};
		C6CAD9681C727FF9000915C8 /* API */ = {
			isa = PBXGroup;
			children = (
				C6CAD9691C728011000915C8 /* TwitterClient.swift */,
			);
			name = API;
			sourceTree = "<group>";
		};
		C6CAD96B1C72B60D000915C8 /* Models */ = {
			isa = PBXGroup;
			children = (
				C6CAD96C1C72B634000915C8 /* User.swift */,
				C6CAD96E1C72B655000915C8 /* Tweet.swift */,
			);
			name = Models;
			sourceTree = "<group>";
		};
		C6E0389B1C78F7CB00094F2B /* Views */ = {
			isa = PBXGroup;
			children = (
				C6E0389C1C78F80200094F2B /* TweetCell.swift */,
				C6485A9D1C794CF300848A7B /* InfiniteScrollActivityView.swift */,
				C6485AA11C797F1600848A7B /* SearchUserCell.swift */,
				C6485AA51C7D6AFC00848A7B /* ProfileHeaderView.xib */,
				C6485AA71C7D6B1E00848A7B /* ProfileHeaderView.swift */,
			);
			name = Views;
			sourceTree = "<group>";
		};
/* End PBXGroup section */

/* Begin PBXNativeTarget section */
		C6CAD9521C727F35000915C8 /* TwitterOAuth */ = {
			isa = PBXNativeTarget;
			buildConfigurationList = C6CAD9651C727F35000915C8 /* Build configuration list for PBXNativeTarget "TwitterOAuth" */;
			buildPhases = (
				754150C67024BD11F82873A5 /* Check Pods Manifest.lock */,
				C6CAD94F1C727F35000915C8 /* Sources */,
				C6CAD9501C727F35000915C8 /* Frameworks */,
				C6CAD9511C727F35000915C8 /* Resources */,
				4F67C5A99A1E3CBD70C7EA04 /* Embed Pods Frameworks */,
				3582B918BBC1E87508CDF1DB /* Copy Pods Resources */,
			);
			buildRules = (
			);
			dependencies = (
			);
			name = TwitterOAuth;
			productName = TwitterOAuth;
			productReference = C6CAD9531C727F35000915C8 /* TwitterOAuth.app */;
			productType = "com.apple.product-type.application";
		};
/* End PBXNativeTarget section */

/* Begin PBXProject section */
		C6CAD94B1C727F35000915C8 /* Project object */ = {
			isa = PBXProject;
			attributes = {
				LastSwiftUpdateCheck = 0720;
				LastUpgradeCheck = 0720;
				ORGANIZATIONNAME = "You Wu";
				TargetAttributes = {
					C6CAD9521C727F35000915C8 = {
						CreatedOnToolsVersion = 7.2;
						DevelopmentTeam = 5H9S37TQFY;
					};
				};
			};
			buildConfigurationList = C6CAD94E1C727F35000915C8 /* Build configuration list for PBXProject "TwitterOAuth" */;
			compatibilityVersion = "Xcode 3.2";
			developmentRegion = English;
			hasScannedForEncodings = 0;
			knownRegions = (
				en,
				Base,
			);
			mainGroup = C6CAD94A1C727F35000915C8;
			productRefGroup = C6CAD9541C727F35000915C8 /* Products */;
			projectDirPath = "";
			projectRoot = "";
			targets = (
				C6CAD9521C727F35000915C8 /* TwitterOAuth */,
			);
		};
/* End PBXProject section */

/* Begin PBXResourcesBuildPhase section */
		C6CAD9511C727F35000915C8 /* Resources */ = {
			isa = PBXResourcesBuildPhase;
			buildActionMask = 2147483647;
			files = (
				C6CAD9611C727F35000915C8 /* LaunchScreen.storyboard in Resources */,
				C6485AA41C7D629C00848A7B /* Assets.xcassets in Resources */,
				C6CAD95C1C727F35000915C8 /* Main.storyboard in Resources */,
				C6485AA61C7D6AFC00848A7B /* ProfileHeaderView.xib in Resources */,
			);
			runOnlyForDeploymentPostprocessing = 0;
		};
/* End PBXResourcesBuildPhase section */

/* Begin PBXShellScriptBuildPhase section */
		3582B918BBC1E87508CDF1DB /* Copy Pods Resources */ = {
			isa = PBXShellScriptBuildPhase;
			buildActionMask = 2147483647;
			files = (
			);
			inputPaths = (
			);
			name = "Copy Pods Resources";
			outputPaths = (
			);
			runOnlyForDeploymentPostprocessing = 0;
			shellPath = /bin/sh;
			shellScript = "\"${SRCROOT}/Pods/Target Support Files/Pods-TwitterOAuth/Pods-TwitterOAuth-resources.sh\"\n";
			showEnvVarsInLog = 0;
		};
		4F67C5A99A1E3CBD70C7EA04 /* Embed Pods Frameworks */ = {
			isa = PBXShellScriptBuildPhase;
			buildActionMask = 2147483647;
			files = (
			);
			inputPaths = (
			);
			name = "Embed Pods Frameworks";
			outputPaths = (
			);
			runOnlyForDeploymentPostprocessing = 0;
			shellPath = /bin/sh;
			shellScript = "\"${SRCROOT}/Pods/Target Support Files/Pods-TwitterOAuth/Pods-TwitterOAuth-frameworks.sh\"\n";
			showEnvVarsInLog = 0;
		};
		754150C67024BD11F82873A5 /* Check Pods Manifest.lock */ = {
			isa = PBXShellScriptBuildPhase;
			buildActionMask = 2147483647;
			files = (
			);
			inputPaths = (
			);
			name = "Check Pods Manifest.lock";
			outputPaths = (
			);
			runOnlyForDeploymentPostprocessing = 0;
			shellPath = /bin/sh;
			shellScript = "diff \"${PODS_ROOT}/../Podfile.lock\" \"${PODS_ROOT}/Manifest.lock\" > /dev/null\nif [[ $? != 0 ]] ; then\n    cat << EOM\nerror: The sandbox is not in sync with the Podfile.lock. Run 'pod install' or update your CocoaPods installation.\nEOM\n    exit 1\nfi\n";
			showEnvVarsInLog = 0;
		};
/* End PBXShellScriptBuildPhase section */

/* Begin PBXSourcesBuildPhase section */
		C6CAD94F1C727F35000915C8 /* Sources */ = {
			isa = PBXSourcesBuildPhase;
			buildActionMask = 2147483647;
			files = (
				C6485AA01C79755000848A7B /* SearchViewController.swift in Sources */,
				C6485AA21C797F1600848A7B /* SearchUserCell.swift in Sources */,
				C6485A9E1C794CF300848A7B /* InfiniteScrollActivityView.swift in Sources */,
				C6CAD96D1C72B634000915C8 /* User.swift in Sources */,
				C6CAD96F1C72B655000915C8 /* Tweet.swift in Sources */,
				C61D27571C741B2300C5F136 /* TweetsViewController.swift in Sources */,
				C6E0389D1C78F80200094F2B /* TweetCell.swift in Sources */,
				C6485AA81C7D6B1E00848A7B /* ProfileHeaderView.swift in Sources */,
				C6CAD9591C727F35000915C8 /* ViewController.swift in Sources */,
				C6CAD96A1C728011000915C8 /* TwitterClient.swift in Sources */,
				C6485AAA1C7F741700848A7B /* ProfileViewController.swift in Sources */,
				C61D275B1C7525C000C5F136 /* SidebarMenuController.swift in Sources */,
				C6CAD9571C727F35000915C8 /* AppDelegate.swift in Sources */,
				C62177E01C80FF310023B726 /* ComposeViewController.swift in Sources */,
			);
			runOnlyForDeploymentPostprocessing = 0;
		};
/* End PBXSourcesBuildPhase section */

/* Begin PBXVariantGroup section */
		C6CAD95A1C727F35000915C8 /* Main.storyboard */ = {
			isa = PBXVariantGroup;
			children = (
				C6CAD95B1C727F35000915C8 /* Base */,
			);
			name = Main.storyboard;
			sourceTree = "<group>";
		};
		C6CAD95F1C727F35000915C8 /* LaunchScreen.storyboard */ = {
			isa = PBXVariantGroup;
			children = (
				C6CAD9601C727F35000915C8 /* Base */,
			);
			name = LaunchScreen.storyboard;
			sourceTree = "<group>";
		};
/* End PBXVariantGroup section */

/* Begin XCBuildConfiguration section */
		C6CAD9631C727F35000915C8 /* Debug */ = {
			isa = XCBuildConfiguration;
			buildSettings = {
				ALWAYS_SEARCH_USER_PATHS = NO;
				CLANG_CXX_LANGUAGE_STANDARD = "gnu++0x";
				CLANG_CXX_LIBRARY = "libc++";
				CLANG_ENABLE_MODULES = YES;
				CLANG_ENABLE_OBJC_ARC = YES;
				CLANG_WARN_BOOL_CONVERSION = YES;
				CLANG_WARN_CONSTANT_CONVERSION = YES;
				CLANG_WARN_DIRECT_OBJC_ISA_USAGE = YES_ERROR;
				CLANG_WARN_EMPTY_BODY = YES;
				CLANG_WARN_ENUM_CONVERSION = YES;
				CLANG_WARN_INT_CONVERSION = YES;
				CLANG_WARN_OBJC_ROOT_CLASS = YES_ERROR;
				CLANG_WARN_UNREACHABLE_CODE = YES;
				CLANG_WARN__DUPLICATE_METHOD_MATCH = YES;
				"CODE_SIGN_IDENTITY[sdk=iphoneos*]" = "iPhone Developer";
				COPY_PHASE_STRIP = NO;
				DEBUG_INFORMATION_FORMAT = dwarf;
				ENABLE_STRICT_OBJC_MSGSEND = YES;
				ENABLE_TESTABILITY = YES;
				GCC_C_LANGUAGE_STANDARD = gnu99;
				GCC_DYNAMIC_NO_PIC = NO;
				GCC_NO_COMMON_BLOCKS = YES;
				GCC_OPTIMIZATION_LEVEL = 0;
				GCC_PREPROCESSOR_DEFINITIONS = (
					"DEBUG=1",
					"$(inherited)",
				);
				GCC_WARN_64_TO_32_BIT_CONVERSION = YES;
				GCC_WARN_ABOUT_RETURN_TYPE = YES_ERROR;
				GCC_WARN_UNDECLARED_SELECTOR = YES;
				GCC_WARN_UNINITIALIZED_AUTOS = YES_AGGRESSIVE;
				GCC_WARN_UNUSED_FUNCTION = YES;
				GCC_WARN_UNUSED_VARIABLE = YES;
				IPHONEOS_DEPLOYMENT_TARGET = 9.2;
				MTL_ENABLE_DEBUG_INFO = YES;
				ONLY_ACTIVE_ARCH = YES;
				SDKROOT = iphoneos;
				SWIFT_OPTIMIZATION_LEVEL = "-Onone";
			};
			name = Debug;
		};
		C6CAD9641C727F35000915C8 /* Release */ = {
			isa = XCBuildConfiguration;
			buildSettings = {
				ALWAYS_SEARCH_USER_PATHS = NO;
				CLANG_CXX_LANGUAGE_STANDARD = "gnu++0x";
				CLANG_CXX_LIBRARY = "libc++";
				CLANG_ENABLE_MODULES = YES;
				CLANG_ENABLE_OBJC_ARC = YES;
				CLANG_WARN_BOOL_CONVERSION = YES;
				CLANG_WARN_CONSTANT_CONVERSION = YES;
				CLANG_WARN_DIRECT_OBJC_ISA_USAGE = YES_ERROR;
				CLANG_WARN_EMPTY_BODY = YES;
				CLANG_WARN_ENUM_CONVERSION = YES;
				CLANG_WARN_INT_CONVERSION = YES;
				CLANG_WARN_OBJC_ROOT_CLASS = YES_ERROR;
				CLANG_WARN_UNREACHABLE_CODE = YES;
				CLANG_WARN__DUPLICATE_METHOD_MATCH = YES;
				"CODE_SIGN_IDENTITY[sdk=iphoneos*]" = "iPhone Developer";
				COPY_PHASE_STRIP = NO;
				DEBUG_INFORMATION_FORMAT = "dwarf-with-dsym";
				ENABLE_NS_ASSERTIONS = NO;
				ENABLE_STRICT_OBJC_MSGSEND = YES;
				GCC_C_LANGUAGE_STANDARD = gnu99;
				GCC_NO_COMMON_BLOCKS = YES;
				GCC_WARN_64_TO_32_BIT_CONVERSION = YES;
				GCC_WARN_ABOUT_RETURN_TYPE = YES_ERROR;
				GCC_WARN_UNDECLARED_SELECTOR = YES;
				GCC_WARN_UNINITIALIZED_AUTOS = YES_AGGRESSIVE;
				GCC_WARN_UNUSED_FUNCTION = YES;
				GCC_WARN_UNUSED_VARIABLE = YES;
				IPHONEOS_DEPLOYMENT_TARGET = 9.2;
				MTL_ENABLE_DEBUG_INFO = NO;
				SDKROOT = iphoneos;
				VALIDATE_PRODUCT = YES;
			};
			name = Release;
		};
		C6CAD9661C727F35000915C8 /* Debug */ = {
			isa = XCBuildConfiguration;
			baseConfigurationReference = 3E0A124BA2009B24EC8CED2B /* Pods-TwitterOAuth.debug.xcconfig */;
			buildSettings = {
				ASSETCATALOG_COMPILER_APPICON_NAME = AppIcon;
				INFOPLIST_FILE = TwitterOAuth/Info.plist;
				LD_RUNPATH_SEARCH_PATHS = "$(inherited) @executable_path/Frameworks";
				PRODUCT_BUNDLE_IDENTIFIER = "com.you-uriana-wu.TwitterOAuth";
				PRODUCT_NAME = "$(TARGET_NAME)";
			};
			name = Debug;
		};
		C6CAD9671C727F35000915C8 /* Release */ = {
			isa = XCBuildConfiguration;
			baseConfigurationReference = B2C30012B8E0D216A9252947 /* Pods-TwitterOAuth.release.xcconfig */;
			buildSettings = {
				ASSETCATALOG_COMPILER_APPICON_NAME = AppIcon;
				INFOPLIST_FILE = TwitterOAuth/Info.plist;
				LD_RUNPATH_SEARCH_PATHS = "$(inherited) @executable_path/Frameworks";
				PRODUCT_BUNDLE_IDENTIFIER = "com.you-uriana-wu.TwitterOAuth";
				PRODUCT_NAME = "$(TARGET_NAME)";
			};
			name = Release;
		};
/* End XCBuildConfiguration section */

/* Begin XCConfigurationList section */
		C6CAD94E1C727F35000915C8 /* Build configuration list for PBXProject "TwitterOAuth" */ = {
			isa = XCConfigurationList;
			buildConfigurations = (
				C6CAD9631C727F35000915C8 /* Debug */,
				C6CAD9641C727F35000915C8 /* Release */,
			);
			defaultConfigurationIsVisible = 0;
			defaultConfigurationName = Release;
		};
		C6CAD9651C727F35000915C8 /* Build configuration list for PBXNativeTarget "TwitterOAuth" */ = {
			isa = XCConfigurationList;
			buildConfigurations = (
				C6CAD9661C727F35000915C8 /* Debug */,
				C6CAD9671C727F35000915C8 /* Release */,
			);
			defaultConfigurationIsVisible = 0;
			defaultConfigurationName = Release;
		};
/* End XCConfigurationList section */
	};
	rootObject = C6CAD94B1C727F35000915C8 /* Project object */;
}
